{
  "name": "tailwindcss-semantic-typography",
  "version": "0.10.3",
  "lockfileVersion": 3,
  "requires": true,
  "packages": {
    "": {
      "name": "tailwindcss-semantic-typography",
      "version": "0.10.3",
      "license": "MIT",
      "devDependencies": {
        "tailwindcss": "^4.0.14"
      },
      "peerDependencies": {
        "tailwindcss": ">=4.0.14"
      }
    },
    "node_modules/tailwindcss": {
      "version": "4.1.3",
      "resolved": "https://registry.npmjs.org/tailwindcss/-/tailwindcss-4.1.3.tgz",
      "integrity": "sha512-2Q+rw9vy1WFXu5cIxlvsabCwhU2qUwodGq03ODhLJ0jW4ek5BUtoCsnLB0qG+m8AHgEsSJcJGDSDe06FXlP74g==",
      "dev": true,
      "license": "MIT"
    }
  }
}
